<?xml version="1.0" encoding="utf-8"?>
<Project ToolsVersion="4.0" xmlns="http://schemas.microsoft.com/developer/msbuild/2003">
  <ItemGroup>
    <Filter Include="Source Files">
      <UniqueIdentifier>{4FC737F1-C7A5-4376-A066-2A32D752A2FF}</UniqueIdentifier>
      <Extensions>cpp;c;cc;cxx;def;odl;idl;hpj;bat;asm;asmx</Extensions>
    </Filter>
    <Filter Include="Header Files">
      <UniqueIdentifier>{93995380-89BD-4b04-88EB-625FBE52EBFB}</UniqueIdentifier>
      <Extensions>h;hpp;hxx;hm;inl;inc;xsd</Extensions>
    </Filter>
    <Filter Include="Resource Files">
      <UniqueIdentifier>{67DA6AB6-F800-4c08-8B7A-83BB121AAD01}</UniqueIdentifier>
      <Extensions>rc;ico;cur;bmp;dlg;rc2;rct;bin;rgs;gif;jpg;jpeg;jpe;resx;tiff;tif;png;wav</Extensions>
    </Filter>
  </ItemGroup>
  <ItemGroup>
    <ClCompile Include="AccessRightsSection.cpp">
      <Filter>Source Files</Filter>
    </ClCompile>
    <ClCompile Include="AuthInfo.cpp">
      <Filter>Source Files</Filter>
    </ClCompile>
    <ClCompile Include="ByteArray.cpp">
      <Filter>Source Files</Filter>
    </ClCompile>
    <ClCompile Include="ByteBuffer.cpp">
      <Filter>Source Files</Filter>
    </ClCompile>
    <ClCompile Include="ByteStreamReader.cpp">
      <Filter>Source Files</Filter>
    </ClCompile>
    <ClCompile Include="CallReporter.cpp">
      <Filter>Source Files</Filter>
    </ClCompile>
    <ClCompile Include="ConfigManager.cpp">
      <Filter>Source Files</Filter>
    </ClCompile>
    <ClCompile Include="ConfigurationElement.cpp">
      <Filter>Source Files</Filter>
    </ClCompile>
    <ClCompile Include="ConfigurationSection.cpp">
      <Filter>Source Files</Filter>
    </ClCompile>
    <ClCompile Include="CTracePacket.cpp">
      <Filter>Source Files</Filter>
    </ClCompile>
    <ClCompile Include="DatabasesElement.cpp">
      <Filter>Source Files</Filter>
    </ClCompile>
    <ClCompile Include="DatabasesSection.cpp">
      <Filter>Source Files</Filter>
    </ClCompile>
    <ClCompile Include="DataStreamInfo.cpp">
      <Filter>Source Files</Filter>
    </ClCompile>
    <ClCompile Include="DialectSection.cpp">
      <Filter>Source Files</Filter>
    </ClCompile>
    <ClCompile Include="Directory.cpp">
      <Filter>Source Files</Filter>
    </ClCompile>
    <ClCompile Include="EnumHelper.cpp">
      <Filter>Source Files</Filter>
    </ClCompile>
    <ClCompile Include="ErrorConvertor.cpp">
      <Filter>Source Files</Filter>
    </ClCompile>
    <ClCompile Include="EventHandler.cpp">
      <Filter>Source Files</Filter>
    </ClCompile>
    <ClCompile Include="File.cpp">
      <Filter>Source Files</Filter>
    </ClCompile>
    <ClCompile Include="File2.cpp">
      <Filter>Source Files</Filter>
    </ClCompile>
    <ClCompile Include="FileSystemVolume.cpp">
      <Filter>Source Files</Filter>
    </ClCompile>
    <ClCompile Include="FindFileInfo.cpp">
      <Filter>Source Files</Filter>
    </ClCompile>
    <ClCompile Include="FindFileInfos.cpp">
      <Filter>Source Files</Filter>
    </ClCompile>
    <ClCompile Include="Folder2.cpp">
      <Filter>Source Files</Filter>
    </ClCompile>
    <ClCompile Include="FsFileHandle2.cpp">
      <Filter>Source Files</Filter>
    </ClCompile>
    <ClCompile Include="FsFindFileHandle2.cpp">
      <Filter>Source Files</Filter>
    </ClCompile>
    <ClCompile Include="Guid.cpp">
      <Filter>Source Files</Filter>
    </ClCompile>
    <ClCompile Include="IFileSystem2.cpp">
      <Filter>Source Files</Filter>
    </ClCompile>
    <ClCompile Include="IFileSystem2Monitor.cpp">
      <Filter>Source Files</Filter>
    </ClCompile>
    <ClCompile Include="IManID.cpp">
      <Filter>Source Files</Filter>
    </ClCompile>
    <ClCompile Include="KeyObject.cpp">
      <Filter>Source Files</Filter>
    </ClCompile>
    <ClCompile Include="LinkedList.cpp">
      <Filter>Source Files</Filter>
    </ClCompile>
    <ClCompile Include="LockingData.cpp">
      <Filter>Source Files</Filter>
    </ClCompile>
    <ClCompile Include="LockRange.cpp">
      <Filter>Source Files</Filter>
    </ClCompile>
    <ClCompile Include="logmgr.cpp">
      <Filter>Source Files</Filter>
    </ClCompile>
    <ClCompile Include="LogSection.cpp">
      <Filter>Source Files</Filter>
    </ClCompile>
    <ClCompile Include="MergeSection.cpp">
      <Filter>Source Files</Filter>
    </ClCompile>
    <ClCompile Include="Object.cpp">
      <Filter>Source Files</Filter>
    </ClCompile>
    <ClCompile Include="Path.cpp">
      <Filter>Source Files</Filter>
    </ClCompile>
    <ClCompile Include="PathManager.cpp">
      <Filter>Source Files</Filter>
    </ClCompile>
    <ClCompile Include="Resources.cpp">
      <Filter>Source Files</Filter>
    </ClCompile>
    <ClCompile Include="SafeArrayHelper.cpp">
      <Filter>Source Files</Filter>
    </ClCompile>
    <ClCompile Include="SeverSection.cpp">
      <Filter>Source Files</Filter>
    </ClCompile>
    <ClCompile Include="SharesSection.cpp">
      <Filter>Source Files</Filter>
    </ClCompile>
    <ClCompile Include="SmbStatusException.cpp">
      <Filter>Source Files</Filter>
    </ClCompile>
    <ClCompile Include="stdafx.cpp">
      <Filter>Source Files</Filter>
    </ClCompile>
    <ClCompile Include="Stopwatch.cpp">
      <Filter>Source Files</Filter>
    </ClCompile>
    <ClCompile Include="string.cpp">
      <Filter>Source Files</Filter>
    </ClCompile>
    <ClCompile Include="StringBuilder.cpp">
      <Filter>Source Files</Filter>
    </ClCompile>
    <ClCompile Include="Timer.cpp">
      <Filter>Source Files</Filter>
    </ClCompile>
    <ClCompile Include="trace.cpp">
      <Filter>Source Files</Filter>
    </ClCompile>
    <ClCompile Include="VfsFileHandle.cpp">
      <Filter>Source Files</Filter>
    </ClCompile>
    <ClCompile Include="VfsFindFileHandle.cpp">
      <Filter>Source Files</Filter>
    </ClCompile>
    <ClCompile Include="XMLReader.cpp">
      <Filter>Source Files</Filter>
    </ClCompile>
    <ClCompile Include="SmbLockRange.cpp">
      <Filter>Source Files</Filter>
    </ClCompile>
    <ClCompile Include="SmbFileLockRange.cpp">
      <Filter>Source Files</Filter>
    </ClCompile>
    <ClCompile Include="SmbLockRangeManager.cpp">
      <Filter>Source Files</Filter>
    </ClCompile>
    <ClCompile Include="DateTimeHelper.cpp">
      <Filter>Source Files</Filter>
    </ClCompile>
    <ClCompile Include="Later.cpp">
      <Filter>Source Files</Filter>
    </ClCompile>
    <ClCompile Include="ThreadPool.cpp">
      <Filter>Source Files</Filter>
    </ClCompile>
    <ClCompile Include="ComputerName.cpp">
      <Filter>Source Files</Filter>
    </ClCompile>
    <ClCompile Include="AuditLogManager.cpp">
      <Filter>Source Files</Filter>
    </ClCompile>
    <ClCompile Include="NormalizedPath.cpp">
      <Filter>Source Files</Filter>
    </ClCompile>
    <ClCompile Include="CryptAES_Utility.cpp">
      <Filter>Source Files</Filter>
    </ClCompile>
    <ClCompile Include="PreauthIntegrityHash.cpp">
      <Filter>Source Files</Filter>
    </ClCompile>
    <ClCompile Include="KeysSection.cpp">
      <Filter>Source Files</Filter>
    </ClCompile>
    <ClCompile Include="RestClientLogging.cpp">
      <Filter>Source Files</Filter>
    </ClCompile>
    <ClCompile Include="VersionSection.cpp">
      <Filter>Source Files</Filter>
    </ClCompile>
    <ClCompile Include="Crypto\HmacKeyFactory.cpp">
      <Filter>Source Files</Filter>
    </ClCompile>
    <ClCompile Include="Crypto\HmacSha1Key.cpp">
      <Filter>Source Files</Filter>
    </ClCompile>
    <ClCompile Include="Crypto\HmacSha256Key.cpp">
      <Filter>Source Files</Filter>
    </ClCompile>
    <ClCompile Include="Crypto\CryptAes.cpp">
      <Filter>Source Files</Filter>
    </ClCompile>
    <ClCompile Include="Crypto\AesCmac128.cpp">
      <Filter>Source Files</Filter>
    </ClCompile>
  </ItemGroup>
  <ItemGroup>
    <ClInclude Include="AccessRightsSection.h">
      <Filter>Header Files</Filter>
    </ClInclude>
    <ClInclude Include="AuthInfo.h">
      <Filter>Header Files</Filter>
    </ClInclude>
    <ClInclude Include="AuthType.h">
      <Filter>Header Files</Filter>
    </ClInclude>
    <ClInclude Include="ByteArray.h">
      <Filter>Header Files</Filter>
    </ClInclude>
    <ClInclude Include="ByteBuffer.h">
      <Filter>Header Files</Filter>
    </ClInclude>
    <ClInclude Include="ByteStreamReader.h">
      <Filter>Header Files</Filter>
    </ClInclude>
    <ClInclude Include="CallReporter.h">
      <Filter>Header Files</Filter>
    </ClInclude>
    <ClInclude Include="CommonLibrary.h">
      <Filter>Header Files</Filter>
    </ClInclude>
    <ClInclude Include="ConfigEnums.h">
      <Filter>Header Files</Filter>
    </ClInclude>
    <ClInclude Include="ConfigManager.h">
      <Filter>Header Files</Filter>
    </ClInclude>
    <ClInclude Include="ConfigurationElement.h">
      <Filter>Header Files</Filter>
    </ClInclude>
    <ClInclude Include="ConfigurationSection.h">
      <Filter>Header Files</Filter>
    </ClInclude>
    <ClInclude Include="CTracePacket.h">
      <Filter>Header Files</Filter>
    </ClInclude>
    <ClInclude Include="DatabasesElement.h">
      <Filter>Header Files</Filter>
    </ClInclude>
    <ClInclude Include="DatabasesSection.h">
      <Filter>Header Files</Filter>
    </ClInclude>
    <ClInclude Include="DataStreamInfo.h">
      <Filter>Header Files</Filter>
    </ClInclude>
    <ClInclude Include="DialectElement.h">
      <Filter>Header Files</Filter>
    </ClInclude>
    <ClInclude Include="DialectsSection.h">
      <Filter>Header Files</Filter>
    </ClInclude>
    <ClInclude Include="Directory.h">
      <Filter>Header Files</Filter>
    </ClInclude>
    <ClInclude Include="EnumHelper.h">
      <Filter>Header Files</Filter>
    </ClInclude>
    <ClInclude Include="Enums.h">
      <Filter>Header Files</Filter>
    </ClInclude>
    <ClInclude Include="ErrorCode.h">
      <Filter>Header Files</Filter>
    </ClInclude>
    <ClInclude Include="ErrorConvertor.h">
      <Filter>Header Files</Filter>
    </ClInclude>
    <ClInclude Include="EventHandler.h">
      <Filter>Header Files</Filter>
    </ClInclude>
    <ClInclude Include="File.h">
      <Filter>Header Files</Filter>
    </ClInclude>
    <ClInclude Include="File2.h">
      <Filter>Header Files</Filter>
    </ClInclude>
    <ClInclude Include="FileAttributeData.h">
      <Filter>Header Files</Filter>
    </ClInclude>
    <ClInclude Include="FileChangeInfo.h">
      <Filter>Header Files</Filter>
    </ClInclude>
    <ClInclude Include="FileInfoByHandleClass.h">
      <Filter>Header Files</Filter>
    </ClInclude>
    <ClInclude Include="FileInformation.h">
      <Filter>Header Files</Filter>
    </ClInclude>
    <ClInclude Include="FileSystemAttributeInformation.h">
      <Filter>Header Files</Filter>
    </ClInclude>
    <ClInclude Include="FileSystemControlInfo.h">
      <Filter>Header Files</Filter>
    </ClInclude>
    <ClInclude Include="FileSystemDeviceInfo.h">
      <Filter>Header Files</Filter>
    </ClInclude>
    <ClInclude Include="FileSystemSizeInfo.h">
      <Filter>Header Files</Filter>
    </ClInclude>
    <ClInclude Include="FileSystemVolume.h">
      <Filter>Header Files</Filter>
    </ClInclude>
    <ClInclude Include="FindFileInfo.h">
      <Filter>Header Files</Filter>
    </ClInclude>
    <ClInclude Include="FindFileInfos.h">
      <Filter>Header Files</Filter>
    </ClInclude>
    <ClInclude Include="FindInformationLevel.h">
      <Filter>Header Files</Filter>
    </ClInclude>
    <ClInclude Include="Folder2.h">
      <Filter>Header Files</Filter>
    </ClInclude>
    <ClInclude Include="fsdefs.h">
      <Filter>Header Files</Filter>
    </ClInclude>
    <ClInclude Include="FsFileHandle2.h">
      <Filter>Header Files</Filter>
    </ClInclude>
    <ClInclude Include="FsFindFileHandle2.h">
      <Filter>Header Files</Filter>
    </ClInclude>
    <ClInclude Include="Guid.h">
      <Filter>Header Files</Filter>
    </ClInclude>
    <ClInclude Include="IAsyncResult.h">
      <Filter>Header Files</Filter>
    </ClInclude>
    <ClInclude Include="IFile2Enumerator.h">
      <Filter>Header Files</Filter>
    </ClInclude>
    <ClInclude Include="IFileInformationLevel.h">
      <Filter>Header Files</Filter>
    </ClInclude>
    <ClInclude Include="IFileSystem2.h">
      <Filter>Header Files</Filter>
    </ClInclude>
    <ClInclude Include="IFileSystem2Monitor.h">
      <Filter>Header Files</Filter>
    </ClInclude>
    <ClInclude Include="IManID.h">
      <Filter>Header Files</Filter>
    </ClInclude>
    <ClInclude Include="INotification.h">
      <Filter>Header Files</Filter>
    </ClInclude>
    <ClInclude Include="IVfs2.h">
      <Filter>Header Files</Filter>
    </ClInclude>
    <ClInclude Include="KeyObject.h">
      <Filter>Header Files</Filter>
    </ClInclude>
    <ClInclude Include="LockingData.h">
      <Filter>Header Files</Filter>
    </ClInclude>
    <ClInclude Include="LockRange.h">
      <Filter>Header Files</Filter>
    </ClInclude>
    <ClInclude Include="logmgr.h">
      <Filter>Header Files</Filter>
    </ClInclude>
    <ClInclude Include="LogSection.h">
      <Filter>Header Files</Filter>
    </ClInclude>
    <ClInclude Include="MergeSection.h">
      <Filter>Header Files</Filter>
    </ClInclude>
    <ClInclude Include="Path.h">
      <Filter>Header Files</Filter>
    </ClInclude>
    <ClInclude Include="PathManager.h">
      <Filter>Header Files</Filter>
    </ClInclude>
    <ClInclude Include="Resources.h">
      <Filter>Header Files</Filter>
    </ClInclude>
    <ClInclude Include="SafeArrayHelper.h">
      <Filter>Header Files</Filter>
    </ClInclude>
    <ClInclude Include="SectionType.h">
      <Filter>Header Files</Filter>
    </ClInclude>
    <ClInclude Include="ServerSection.h">
      <Filter>Header Files</Filter>
    </ClInclude>
    <ClInclude Include="ShareElement.h">
      <Filter>Header Files</Filter>
    </ClInclude>
    <ClInclude Include="SharesSection.h">
      <Filter>Header Files</Filter>
    </ClInclude>
    <ClInclude Include="SmbStatusException.h">
      <Filter>Header Files</Filter>
    </ClInclude>
    <ClInclude Include="stdafx.h">
      <Filter>Header Files</Filter>
    </ClInclude>
    <ClInclude Include="Stopwatch.h">
      <Filter>Header Files</Filter>
    </ClInclude>
    <ClInclude Include="string.h">
      <Filter>Header Files</Filter>
    </ClInclude>
    <ClInclude Include="StringBuilder.h">
      <Filter>Header Files</Filter>
    </ClInclude>
    <ClInclude Include="Timer.h">
      <Filter>Header Files</Filter>
    </ClInclude>
    <ClInclude Include="trace.h">
      <Filter>Header Files</Filter>
    </ClInclude>
    <ClInclude Include="Utils.h">
      <Filter>Header Files</Filter>
    </ClInclude>
    <ClInclude Include="VfsFileHandle.h">
      <Filter>Header Files</Filter>
    </ClInclude>
    <ClInclude Include="VfsFindFileHandle.h">
      <Filter>Header Files</Filter>
    </ClInclude>
    <ClInclude Include="VolumeInformation.h">
      <Filter>Header Files</Filter>
    </ClInclude>
    <ClInclude Include="XMLReader.h">
      <Filter>Header Files</Filter>
    </ClInclude>
    <ClInclude Include="IAuthInfo.h">
      <Filter>Header Files</Filter>
    </ClInclude>
    <ClInclude Include="SmbLockRange.h">
      <Filter>Header Files</Filter>
    </ClInclude>
    <ClInclude Include="SmbFileLockRange.h">
      <Filter>Header Files</Filter>
    </ClInclude>
    <ClInclude Include="SmbLockRangeManager.h">
      <Filter>Header Files</Filter>
    </ClInclude>
    <ClInclude Include="DateTimeHelper.h">
      <Filter>Header Files</Filter>
    </ClInclude>
    <ClInclude Include="ArrayWrapper.h">
      <Filter>Header Files</Filter>
    </ClInclude>
    <ClInclude Include="Later.h">
      <Filter>Header Files</Filter>
    </ClInclude>
    <ClInclude Include="ThreadPool.h">
      <Filter>Header Files</Filter>
    </ClInclude>
    <ClInclude Include="SmartPtr.h">
      <Filter>Header Files</Filter>
    </ClInclude>
    <ClInclude Include="ComputerName.h">
      <Filter>Header Files</Filter>
    </ClInclude>
    <ClInclude Include="AuditLogManager.h">
      <Filter>Header Files</Filter>
    </ClInclude>
    <ClInclude Include="NormalizedPath.h">
      <Filter>Header Files</Filter>
    </ClInclude>
    <ClInclude Include="CryptAES_Utility.h">
      <Filter>Header Files</Filter>
    </ClInclude>
    <ClInclude Include="PreauthIntegrityHash.h">
      <Filter>Header Files</Filter>
    </ClInclude>
    <ClInclude Include="KeysSection.h">
      <Filter>Header Files</Filter>
    </ClInclude>
    <ClInclude Include="FileSystemObjectIdInfo.h">
      <Filter>Header Files</Filter>
    </ClInclude>
    <ClInclude Include="VersionSection.h">
      <Filter>Header Files</Filter>
    </ClInclude>
    <ClInclude Include="Crypto\HmacKeyFactory.h">
      <Filter>Header Files</Filter>
    </ClInclude>
    <ClInclude Include="Crypto\HmacSha1Key.h">
      <Filter>Header Files</Filter>
    </ClInclude>
    <ClInclude Include="Crypto\HmacSha256Key.h">
      <Filter>Header Files</Filter>
    </ClInclude>
    <ClInclude Include="Crypto\IHmacKey.h">
      <Filter>Header Files</Filter>
    </ClInclude>
    <ClInclude Include="Crypto\CryptKey.h">
      <Filter>Header Files</Filter>
    </ClInclude>
    <ClInclude Include="Crypto\CryptAes.h">
      <Filter>Header Files</Filter>
    </ClInclude>
    <ClInclude Include="Crypto\AesCmac128.h">
      <Filter>Header Files</Filter>
    </ClInclude>
  </ItemGroup>
</Project>